
Microsoft Visual Studio Solution File, Format Version 12.00
# Visual Studio 15
VisualStudioVersion = 15.0.28307.645
MinimumVisualStudioVersion = 10.0.40219.1
Project("{FAE04EC0-301F-11D3-BF4B-00C04F79EFBC}") = "analyse-typedefs", "analyse-typedefs\analyse-typedefs.csproj", "{1EF69964-F5E1-455E-B34A-D5A079C468D7}"
EndProject
Global
	GlobalSection(SolutionConfigurationPlatforms) = preSolution
		Debug|Any CPU = Debug|Any CPU
		Release|Any CPU = Release|Any CPU
	EndGlobalSection
	GlobalSection(ProjectConfigurationPlatforms) = postSolution
		{1EF69964-F5E1-455E-B34A-D5A079C468D7}.Debug|Any CPU.ActiveCfg = Debug|Any CPU
		{1EF69964-F5E1-455E-B34A-D5A079C468D7}.Debug|Any CPU.Build.0 = Debug|Any CPU
		{1EF69964-F5E1-455E-B34A-D5A079C468D7}.Release|Any CPU.ActiveCfg = Release|Any CPU
		{1EF69964-F5E1-455E-B34A-D5A079C468D7}.Release|Any CPU.Build.0 = Release|Any CPU
	EndGlobalSection
	GlobalSection(SolutionProperties) = preSolution
		HideSolutionNode = FALSE
	EndGlobalSection
	GlobalSection(ExtensibilityGlobals) = postSolution
		SolutionGuid = {CDC3DAE5-F548-4CE3-990D-735D2204033F}
	EndGlobalSection
EndGlobal
